// !$*UTF8*$!
{
	archiveVersion = 1;
	classes = {
	};
	objectVersion = 56;
	objects = {

/* Begin PBXBuildFile section */
		39AC9DFC84E846C51B9FB145 /* Pods_3m_7hw.framework in Frameworks */ = {isa = PBXBuildFile; fileRef = 757ECEC9DB6C6EC9804DE247 /* Pods_3m_7hw.framework */; };
		7C6A0DAF2A3222BF00640186 /* NextViewController.swift in Sources */ = {isa = PBXBuildFile; fileRef = 7C6A0DAE2A3222BF00640186 /* NextViewController.swift */; };
		7C6A0DB12A32233500640186 /* TableViewCell.swift in Sources */ = {isa = PBXBuildFile; fileRef = 7C6A0DB02A32233500640186 /* TableViewCell.swift */; };
		7C6A0DB32A3224DB00640186 /* catalog.swift in Sources */ = {isa = PBXBuildFile; fileRef = 7C6A0DB22A3224DB00640186 /* catalog.swift */; };
		7C93861F2A2E2A5600E95787 /* AppDelegate.swift in Sources */ = {isa = PBXBuildFile; fileRef = 7C93861E2A2E2A5600E95787 /* AppDelegate.swift */; };
		7C9386212A2E2A5600E95787 /* SceneDelegate.swift in Sources */ = {isa = PBXBuildFile; fileRef = 7C9386202A2E2A5600E95787 /* SceneDelegate.swift */; };
		7C9386232A2E2A5600E95787 /* ViewController.swift in Sources */ = {isa = PBXBuildFile; fileRef = 7C9386222A2E2A5600E95787 /* ViewController.swift */; };
		7C9386282A2E2A5700E95787 /* Assets.xcassets in Resources */ = {isa = PBXBuildFile; fileRef = 7C9386272A2E2A5700E95787 /* Assets.xcassets */; };
		7C93862B2A2E2A5700E95787 /* LaunchScreen.storyboard in Resources */ = {isa = PBXBuildFile; fileRef = 7C9386292A2E2A5700E95787 /* LaunchScreen.storyboard */; };
		7C9386352A2E301100E95787 /* DetailViewController.swift in Sources */ = {isa = PBXBuildFile; fileRef = 7C9386342A2E301100E95787 /* DetailViewController.swift */; };
/* End PBXBuildFile section */

/* Begin PBXFileReference section */
		63C346BB013571063137E351 /* Pods-3m.7hw.debug.xcconfig */ = {isa = PBXFileReference; includeInIndex = 1; lastKnownFileType = text.xcconfig; name = "Pods-3m.7hw.debug.xcconfig"; path = "Target Support Files/Pods-3m.7hw/Pods-3m.7hw.debug.xcconfig"; sourceTree = "<group>"; };
		757ECEC9DB6C6EC9804DE247 /* Pods_3m_7hw.framework */ = {isa = PBXFileReference; explicitFileType = wrapper.framework; includeInIndex = 0; path = Pods_3m_7hw.framework; sourceTree = BUILT_PRODUCTS_DIR; };
		7C6A0DAE2A3222BF00640186 /* NextViewController.swift */ = {isa = PBXFileReference; lastKnownFileType = sourcecode.swift; path = NextViewController.swift; sourceTree = "<group>"; };
		7C6A0DB02A32233500640186 /* TableViewCell.swift */ = {isa = PBXFileReference; lastKnownFileType = sourcecode.swift; path = TableViewCell.swift; sourceTree = "<group>"; };
		7C6A0DB22A3224DB00640186 /* catalog.swift */ = {isa = PBXFileReference; lastKnownFileType = sourcecode.swift; path = catalog.swift; sourceTree = "<group>"; };
		7C93861B2A2E2A5600E95787 /* 3m.7hw.app */ = {isa = PBXFileReference; explicitFileType = wrapper.application; includeInIndex = 0; path = 3m.7hw.app; sourceTree = BUILT_PRODUCTS_DIR; };
		7C93861E2A2E2A5600E95787 /* AppDelegate.swift */ = {isa = PBXFileReference; lastKnownFileType = sourcecode.swift; path = AppDelegate.swift; sourceTree = "<group>"; };
		7C9386202A2E2A5600E95787 /* SceneDelegate.swift */ = {isa = PBXFileReference; lastKnownFileType = sourcecode.swift; path = SceneDelegate.swift; sourceTree = "<group>"; };
		7C9386222A2E2A5600E95787 /* ViewController.swift */ = {isa = PBXFileReference; lastKnownFileType = sourcecode.swift; path = ViewController.swift; sourceTree = "<group>"; };
		7C9386272A2E2A5700E95787 /* Assets.xcassets */ = {isa = PBXFileReference; lastKnownFileType = folder.assetcatalog; path = Assets.xcassets; sourceTree = "<group>"; };
		7C93862A2A2E2A5700E95787 /* Base */ = {isa = PBXFileReference; lastKnownFileType = file.storyboard; name = Base; path = Base.lproj/LaunchScreen.storyboard; sourceTree = "<group>"; };
		7C93862C2A2E2A5700E95787 /* Info.plist */ = {isa = PBXFileReference; lastKnownFileType = text.plist.xml; path = Info.plist; sourceTree = "<group>"; };
		7C9386342A2E301100E95787 /* DetailViewController.swift */ = {isa = PBXFileReference; lastKnownFileType = sourcecode.swift; path = DetailViewController.swift; sourceTree = "<group>"; };
		FC713894D082142EF404D1E1 /* Pods-3m.7hw.release.xcconfig */ = {isa = PBXFileReference; includeInIndex = 1; lastKnownFileType = text.xcconfig; name = "Pods-3m.7hw.release.xcconfig"; path = "Target Support Files/Pods-3m.7hw/Pods-3m.7hw.release.xcconfig"; sourceTree = "<group>"; };
/* End PBXFileReference section */

/* Begin PBXFrameworksBuildPhase section */
		7C9386182A2E2A5600E95787 /* Frameworks */ = {
			isa = PBXFrameworksBuildPhase;
			buildActionMask = 2147483647;
			files = (
				39AC9DFC84E846C51B9FB145 /* Pods_3m_7hw.framework in Frameworks */,
			);
			runOnlyForDeploymentPostprocessing = 0;
		};
/* End PBXFrameworksBuildPhase section */

/* Begin PBXGroup section */
		74D19C40AD558672740EEF5F /* Pods */ = {
			isa = PBXGroup;
			children = (
				63C346BB013571063137E351 /* Pods-3m.7hw.debug.xcconfig */,
				FC713894D082142EF404D1E1 /* Pods-3m.7hw.release.xcconfig */,
			);
			path = Pods;
			sourceTree = "<group>";
		};
		7C9386122A2E2A5600E95787 = {
			isa = PBXGroup;
			children = (
				7C93861D2A2E2A5600E95787 /* 3m.7hw */,
				7C93861C2A2E2A5600E95787 /* Products */,
				74D19C40AD558672740EEF5F /* Pods */,
				D2466957139404F229AC0116 /* Frameworks */,
			);
			sourceTree = "<group>";
		};
		7C93861C2A2E2A5600E95787 /* Products */ = {
			isa = PBXGroup;
			children = (
				7C93861B2A2E2A5600E95787 /* 3m.7hw.app */,
			);
			name = Products;
			sourceTree = "<group>";
		};
		7C93861D2A2E2A5600E95787 /* 3m.7hw */ = {
			isa = PBXGroup;
			children = (
				7C9386362A2E301D00E95787 /* appdelegate */,
				7C9386332A2E2FBA00E95787 /* controllers */,
			);
			path = 3m.7hw;
			sourceTree = "<group>";
		};
		7C9386332A2E2FBA00E95787 /* controllers */ = {
			isa = PBXGroup;
			children = (
				7C9386222A2E2A5600E95787 /* ViewController.swift */,
				7C9386342A2E301100E95787 /* DetailViewController.swift */,
				7C6A0DAE2A3222BF00640186 /* NextViewController.swift */,
			);
			path = controllers;
			sourceTree = "<group>";
		};
		7C9386362A2E301D00E95787 /* appdelegate */ = {
			isa = PBXGroup;
			children = (
				7C93861E2A2E2A5600E95787 /* AppDelegate.swift */,
				7C9386202A2E2A5600E95787 /* SceneDelegate.swift */,
				7C6A0DB02A32233500640186 /* TableViewCell.swift */,
				7C6A0DB22A3224DB00640186 /* catalog.swift */,
				7C9386272A2E2A5700E95787 /* Assets.xcassets */,
				7C9386292A2E2A5700E95787 /* LaunchScreen.storyboard */,
				7C93862C2A2E2A5700E95787 /* Info.plist */,
			);
			path = appdelegate;
			sourceTree = "<group>";
		};
		D2466957139404F229AC0116 /* Frameworks */ = {
			isa = PBXGroup;
			children = (
				757ECEC9DB6C6EC9804DE247 /* Pods_3m_7hw.framework */,
			);
			name = Frameworks;
			sourceTree = "<group>";
		};
/* End PBXGroup section */

/* Begin PBXNativeTarget section */
		7C93861A2A2E2A5600E95787 /* 3m.7hw */ = {
			isa = PBXNativeTarget;
			buildConfigurationList = 7C93862F2A2E2A5700E95787 /* Build configuration list for PBXNativeTarget "3m.7hw" */;
			buildPhases = (
				8E853577961C9BD6DECA9CC4 /* [CP] Check Pods Manifest.lock */,
				7C9386172A2E2A5600E95787 /* Sources */,
				7C9386182A2E2A5600E95787 /* Frameworks */,
				7C9386192A2E2A5600E95787 /* Resources */,
				5A21DA5B51F3ECA8C9E8F454 /* [CP] Embed Pods Frameworks */,
			);
			buildRules = (
			);
			dependencies = (
			);
			name = 3m.7hw;
			productName = 3m.7hw;
			productReference = 7C93861B2A2E2A5600E95787 /* 3m.7hw.app */;
			productType = "com.apple.product-type.application";
		};
/* End PBXNativeTarget section */

/* Begin PBXProject section */
		7C9386132A2E2A5600E95787 /* Project object */ = {
			isa = PBXProject;
			attributes = {
				BuildIndependentTargetsInParallel = 1;
				LastSwiftUpdateCheck = 1430;
				LastUpgradeCheck = 1430;
				TargetAttributes = {
					7C93861A2A2E2A5600E95787 = {
						CreatedOnToolsVersion = 14.3.1;
					};
				};
			};
			buildConfigurationList = 7C9386162A2E2A5600E95787 /* Build configuration list for PBXProject "3m.7hw" */;
			compatibilityVersion = "Xcode 14.0";
			developmentRegion = en;
			hasScannedForEncodings = 0;
			knownRegions = (
				en,
				Base,
			);
			mainGroup = 7C9386122A2E2A5600E95787;
			packageReferences = (
			);
			productRefGroup = 7C93861C2A2E2A5600E95787 /* Products */;
			projectDirPath = "";
			projectRoot = "";
			targets = (
				7C93861A2A2E2A5600E95787 /* 3m.7hw */,
			);
		};
/* End PBXProject section */

/* Begin PBXResourcesBuildPhase section */
		7C9386192A2E2A5600E95787 /* Resources */ = {
			isa = PBXResourcesBuildPhase;
			buildActionMask = 2147483647;
			files = (
				7C93862B2A2E2A5700E95787 /* LaunchScreen.storyboard in Resources */,
				7C9386282A2E2A5700E95787 /* Assets.xcassets in Resources */,
			);
			runOnlyForDeploymentPostprocessing = 0;
		};
/* End PBXResourcesBuildPhase section */

/* Begin PBXShellScriptBuildPhase section */
		5A21DA5B51F3ECA8C9E8F454 /* [CP] Embed Pods Frameworks */ = {
			isa = PBXShellScriptBuildPhase;
			buildActionMask = 2147483647;
			files = (
			);
			inputFileListPaths = (
				"${PODS_ROOT}/Target Support Files/Pods-3m.7hw/Pods-3m.7hw-frameworks-${CONFIGURATION}-input-files.xcfilelist",
			);
			name = "[CP] Embed Pods Frameworks";
			outputFileListPaths = (
				"${PODS_ROOT}/Target Support Files/Pods-3m.7hw/Pods-3m.7hw-frameworks-${CONFIGURATION}-output-files.xcfilelist",
			);
			runOnlyForDeploymentPostprocessing = 0;
			shellPath = /bin/sh;
			shellScript = "\"${PODS_ROOT}/Target Support Files/Pods-3m.7hw/Pods-3m.7hw-frameworks.sh\"\n";
			showEnvVarsInLog = 0;
		};
		8E853577961C9BD6DECA9CC4 /* [CP] Check Pods Manifest.lock */ = {
			isa = PBXShellScriptBuildPhase;
			buildActionMask = 2147483647;
			files = (
			);
			inputFileListPaths = (
			);
			inputPaths = (
				"${PODS_PODFILE_DIR_PATH}/Podfile.lock",
				"${PODS_ROOT}/Manifest.lock",
			);
			name = "[CP] Check Pods Manifest.lock";
			outputFileListPaths = (
			);
			outputPaths = (
				"$(DERIVED_FILE_DIR)/Pods-3m.7hw-checkManifestLockResult.txt",
			);
			runOnlyForDeploymentPostprocessing = 0;
			shellPath = /bin/sh;
			shellScript = "diff \"${PODS_PODFILE_DIR_PATH}/Podfile.lock\" \"${PODS_ROOT}/Manifest.lock\" > /dev/null\nif [ $? != 0 ] ; then\n    # print error to STDERR\n    echo \"error: The sandbox is not in sync with the Podfile.lock. Run 'pod install' or update your CocoaPods installation.\" >&2\n    exit 1\nfi\n# This output is used by Xcode 'outputs' to avoid re-running this script phase.\necho \"SUCCESS\" > \"${SCRIPT_OUTPUT_FILE_0}\"\n";
			showEnvVarsInLog = 0;
		};
/* End PBXShellScriptBuildPhase section */

/* Begin PBXSourcesBuildPhase section */
		7C9386172A2E2A5600E95787 /* Sources */ = {
			isa = PBXSourcesBuildPhase;
			buildActionMask = 2147483647;
			files = (
				7C6A0DAF2A3222BF00640186 /* NextViewController.swift in Sources */,
				7C9386232A2E2A5600E95787 /* ViewController.swift in Sources */,
				7C93861F2A2E2A5600E95787 /* AppDelegate.swift in Sources */,
				7C6A0DB32A3224DB00640186 /* catalog.swift in Sources */,
				7C6A0DB12A32233500640186 /* TableViewCell.swift in Sources */,
				7C9386212A2E2A5600E95787 /* SceneDelegate.swift in Sources */,
				7C9386352A2E301100E95787 /* DetailViewController.swift in Sources */,
			);
			runOnlyForDeploymentPostprocessing = 0;
		};
/* End PBXSourcesBuildPhase section */

/* Begin PBXVariantGroup section */
		7C9386292A2E2A5700E95787 /* LaunchScreen.storyboard */ = {
			isa = PBXVariantGroup;
			children = (
				7C93862A2A2E2A5700E95787 /* Base */,
			);
			name = LaunchScreen.storyboard;
			sourceTree = "<group>";
		};
/* End PBXVariantGroup section */

/* Begin XCBuildConfiguration section */
		7C93862D2A2E2A5700E95787 /* Debug */ = {
			isa = XCBuildConfiguration;
			buildSettings = {
				ALWAYS_SEARCH_USER_PATHS = NO;
				CLANG_ANALYZER_NONNULL = YES;
				CLANG_ANALYZER_NUMBER_OBJECT_CONVERSION = YES_AGGRESSIVE;
				CLANG_CXX_LANGUAGE_STANDARD = "gnu++20";
				CLANG_ENABLE_MODULES = YES;
				CLANG_ENABLE_OBJC_ARC = YES;
				CLANG_ENABLE_OBJC_WEAK = YES;
				CLANG_WARN_BLOCK_CAPTURE_AUTORELEASING = YES;
				CLANG_WARN_BOOL_CONVERSION = YES;
				CLANG_WARN_COMMA = YES;
				CLANG_WARN_CONSTANT_CONVERSION = YES;
				CLANG_WARN_DEPRECATED_OBJC_IMPLEMENTATIONS = YES;
				CLANG_WARN_DIRECT_OBJC_ISA_USAGE = YES_ERROR;
				CLANG_WARN_DOCUMENTATION_COMMENTS = YES;
				CLANG_WARN_EMPTY_BODY = YES;
				CLANG_WARN_ENUM_CONVERSION = YES;
				CLANG_WARN_INFINITE_RECURSION = YES;
				CLANG_WARN_INT_CONVERSION = YES;
				CLANG_WARN_NON_LITERAL_NULL_CONVERSION = YES;
				CLANG_WARN_OBJC_IMPLICIT_RETAIN_SELF = YES;
				CLANG_WARN_OBJC_LITERAL_CONVERSION = YES;
				CLANG_WARN_OBJC_ROOT_CLASS = YES_ERROR;
				CLANG_WARN_QUOTED_INCLUDE_IN_FRAMEWORK_HEADER = YES;
				CLANG_WARN_RANGE_LOOP_ANALYSIS = YES;
				CLANG_WARN_STRICT_PROTOTYPES = YES;
				CLANG_WARN_SUSPICIOUS_MOVE = YES;
				CLANG_WARN_UNGUARDED_AVAILABILITY = YES_AGGRESSIVE;
				CLANG_WARN_UNREACHABLE_CODE = YES;
				CLANG_WARN__DUPLICATE_METHOD_MATCH = YES;
				COPY_PHASE_STRIP = NO;
				DEBUG_INFORMATION_FORMAT = dwarf;
				ENABLE_STRICT_OBJC_MSGSEND = YES;
				ENABLE_TESTABILITY = YES;
				GCC_C_LANGUAGE_STANDARD = gnu11;
				GCC_DYNAMIC_NO_PIC = NO;
				GCC_NO_COMMON_BLOCKS = YES;
				GCC_OPTIMIZATION_LEVEL = 0;
				GCC_PREPROCESSOR_DEFINITIONS = (
					"DEBUG=1",
					"$(inherited)",
				);
				GCC_WARN_64_TO_32_BIT_CONVERSION = YES;
				GCC_WARN_ABOUT_RETURN_TYPE = YES_ERROR;
				GCC_WARN_UNDECLARED_SELECTOR = YES;
				GCC_WARN_UNINITIALIZED_AUTOS = YES_AGGRESSIVE;
				GCC_WARN_UNUSED_FUNCTION = YES;
				GCC_WARN_UNUSED_VARIABLE = YES;
				IPHONEOS_DEPLOYMENT_TARGET = 16.4;
				MTL_ENABLE_DEBUG_INFO = INCLUDE_SOURCE;
				MTL_FAST_MATH = YES;
				ONLY_ACTIVE_ARCH = YES;
				SDKROOT = iphoneos;
				SWIFT_ACTIVE_COMPILATION_CONDITIONS = DEBUG;
				SWIFT_OPTIMIZATION_LEVEL = "-Onone";
			};
			name = Debug;
		};
		7C93862E2A2E2A5700E95787 /* Release */ = {
			isa = XCBuildConfiguration;
			buildSettings = {
				ALWAYS_SEARCH_USER_PATHS = NO;
				CLANG_ANALYZER_NONNULL = YES;
				CLANG_ANALYZER_NUMBER_OBJECT_CONVERSION = YES_AGGRESSIVE;
				CLANG_CXX_LANGUAGE_STANDARD = "gnu++20";
				CLANG_ENABLE_MODULES = YES;
				CLANG_ENABLE_OBJC_ARC = YES;
				CLANG_ENABLE_OBJC_WEAK = YES;
				CLANG_WARN_BLOCK_CAPTURE_AUTORELEASING = YES;
				CLANG_WARN_BOOL_CONVERSION = YES;
				CLANG_WARN_COMMA = YES;
				CLANG_WARN_CONSTANT_CONVERSION = YES;
				CLANG_WARN_DEPRECATED_OBJC_IMPLEMENTATIONS = YES;
				CLANG_WARN_DIRECT_OBJC_ISA_USAGE = YES_ERROR;
				CLANG_WARN_DOCUMENTATION_COMMENTS = YES;
				CLANG_WARN_EMPTY_BODY = YES;
				CLANG_WARN_ENUM_CONVERSION = YES;
				CLANG_WARN_INFINITE_RECURSION = YES;
				CLANG_WARN_INT_CONVERSION = YES;
				CLANG_WARN_NON_LITERAL_NULL_CONVERSION = YES;
				CLANG_WARN_OBJC_IMPLICIT_RETAIN_SELF = YES;
				CLANG_WARN_OBJC_LITERAL_CONVERSION = YES;
				CLANG_WARN_OBJC_ROOT_CLASS = YES_ERROR;
				CLANG_WARN_QUOTED_INCLUDE_IN_FRAMEWORK_HEADER = YES;
				CLANG_WARN_RANGE_LOOP_ANALYSIS = YES;
				CLANG_WARN_STRICT_PROTOTYPES = YES;
				CLANG_WARN_SUSPICIOUS_MOVE = YES;
				CLANG_WARN_UNGUARDED_AVAILABILITY = YES_AGGRESSIVE;
				CLANG_WARN_UNREACHABLE_CODE = YES;
				CLANG_WARN__DUPLICATE_METHOD_MATCH = YES;
				COPY_PHASE_STRIP = NO;
				DEBUG_INFORMATION_FORMAT = "dwarf-with-dsym";
				ENABLE_NS_ASSERTIONS = NO;
				ENABLE_STRICT_OBJC_MSGSEND = YES;
				GCC_C_LANGUAGE_STANDARD = gnu11;
				GCC_NO_COMMON_BLOCKS = YES;
				GCC_WARN_64_TO_32_BIT_CONVERSION = YES;
				GCC_WARN_ABOUT_RETURN_TYPE = YES_ERROR;
				GCC_WARN_UNDECLARED_SELECTOR = YES;
				GCC_WARN_UNINITIALIZED_AUTOS = YES_AGGRESSIVE;
				GCC_WARN_UNUSED_FUNCTION = YES;
				GCC_WARN_UNUSED_VARIABLE = YES;
				IPHONEOS_DEPLOYMENT_TARGET = 16.4;
				MTL_ENABLE_DEBUG_INFO = NO;
				MTL_FAST_MATH = YES;
				SDKROOT = iphoneos;
				SWIFT_COMPILATION_MODE = wholemodule;
				SWIFT_OPTIMIZATION_LEVEL = "-O";
				VALIDATE_PRODUCT = YES;
			};
			name = Release;
		};
		7C9386302A2E2A5700E95787 /* Debug */ = {
			isa = XCBuildConfiguration;
			baseConfigurationReference = 63C346BB013571063137E351 /* Pods-3m.7hw.debug.xcconfig */;
			buildSettings = {
				ASSETCATALOG_COMPILER_APPICON_NAME = AppIcon;
				ASSETCATALOG_COMPILER_GLOBAL_ACCENT_COLOR_NAME = AccentColor;
				CODE_SIGN_STYLE = Automatic;
				CURRENT_PROJECT_VERSION = 1;
				GENERATE_INFOPLIST_FILE = YES;
				INFOPLIST_FILE = 3m.7hw/Info.plist;
				INFOPLIST_KEY_UIApplicationSupportsIndirectInputEvents = YES;
				INFOPLIST_KEY_UILaunchStoryboardName = LaunchScreen;
				INFOPLIST_KEY_UISupportedInterfaceOrientations_iPad = "UIInterfaceOrientationPortrait UIInterfaceOrientationPortraitUpsideDown UIInterfaceOrientationLandscapeLeft UIInterfaceOrientationLandscapeRight";
				INFOPLIST_KEY_UISupportedInterfaceOrientations_iPhone = "UIInterfaceOrientationPortrait UIInterfaceOrientationLandscapeLeft UIInterfaceOrientationLandscapeRight";
				LD_RUNPATH_SEARCH_PATHS = (
					"$(inherited)",
					"@executable_path/Frameworks",
				);
				MARKETING_VERSION = 1.0;
				PRODUCT_BUNDLE_IDENTIFIER = "meerim.-m-7hw";
				PRODUCT_NAME = "$(TARGET_NAME)";
				SWIFT_EMIT_LOC_STRINGS = YES;
				SWIFT_VERSION = 5.0;
				TARGETED_DEVICE_FAMILY = "1,2";
			};
			name = Debug;
		};
		7C9386312A2E2A5700E95787 /* Release */ = {
			isa = XCBuildConfiguration;
			baseConfigurationReference = FC713894D082142EF404D1E1 /* Pods-3m.7hw.release.xcconfig */;
			buildSettings = {
				ASSETCATALOG_COMPILER_APPICON_NAME = AppIcon;
				ASSETCATALOG_COMPILER_GLOBAL_ACCENT_COLOR_NAME = AccentColor;
				CODE_SIGN_STYLE = Automatic;
				CURRENT_PROJECT_VERSION = 1;
				GENERATE_INFOPLIST_FILE = YES;
				INFOPLIST_FILE = 3m.7hw/Info.plist;
				INFOPLIST_KEY_UIApplicationSupportsIndirectInputEvents = YES;
				INFOPLIST_KEY_UILaunchStoryboardName = LaunchScreen;
				INFOPLIST_KEY_UISupportedInterfaceOrientations_iPad = "UIInterfaceOrientationPortrait UIInterfaceOrientationPortraitUpsideDown UIInterfaceOrientationLandscapeLeft UIInterfaceOrientationLandscapeRight";
				INFOPLIST_KEY_UISupportedInterfaceOrientations_iPhone = "UIInterfaceOrientationPortrait UIInterfaceOrientationLandscapeLeft UIInterfaceOrientationLandscapeRight";
				LD_RUNPATH_SEARCH_PATHS = (
					"$(inherited)",
					"@executable_path/Frameworks",
				);
				MARKETING_VERSION = 1.0;
				PRODUCT_BUNDLE_IDENTIFIER = "meerim.-m-7hw";
				PRODUCT_NAME = "$(TARGET_NAME)";
				SWIFT_EMIT_LOC_STRINGS = YES;
				SWIFT_VERSION = 5.0;
				TARGETED_DEVICE_FAMILY = "1,2";
			};
			name = Release;
		};
/* End XCBuildConfiguration section */

/* Begin XCConfigurationList section */
		7C9386162A2E2A5600E95787 /* Build configuration list for PBXProject "3m.7hw" */ = {
			isa = XCConfigurationList;
			buildConfigurations = (
				7C93862D2A2E2A5700E95787 /* Debug */,
				7C93862E2A2E2A5700E95787 /* Release */,
			);
			defaultConfigurationIsVisible = 0;
			defaultConfigurationName = Release;
		};
		7C93862F2A2E2A5700E95787 /* Build configuration list for PBXNativeTarget "3m.7hw" */ = {
			isa = XCConfigurationList;
			buildConfigurations = (
				7C9386302A2E2A5700E95787 /* Debug */,
				7C9386312A2E2A5700E95787 /* Release */,
			);
			defaultConfigurationIsVisible = 0;
			defaultConfigurationName = Release;
		};
/* End XCConfigurationList section */
	};
	rootObject = 7C9386132A2E2A5600E95787 /* Project object */;
}
